{
  "name": "screener",
  "version": "1.0.0",
  "lockfileVersion": 2,
  "requires": true,
  "packages": {
    "": {
      "name": "screener",
      "version": "1.0.0",
      "license": "ISC",
      "dependencies": {
        "chalk": "^5.0.0",
        "commander": "^8.3.0",
        "fs-extra": "^10.1.0",
        "node-fetch": "^3.1.0",
        "promptly": "^3.2.0",
        "technicalindicators": "^3.1.0"
      }
    },
    "node_modules/@types/node": {
      "version": "6.14.13",
      "resolved": "https://registry.npmjs.org/@types/node/-/node-6.14.13.tgz",
      "integrity": "sha512-J1F0XJ/9zxlZel5ZlbeSuHW2OpabrUAqpFuC2sm2I3by8sERQ8+KCjNKUcq8QHuzpGMWiJpo9ZxeHrqrP2KzQw=="
    },
    "node_modules/chalk": {
      "version": "5.0.0",
      "resolved": "https://registry.npmjs.org/chalk/-/chalk-5.0.0.tgz",
      "integrity": "sha512-/duVOqst+luxCQRKEo4bNxinsOQtMP80ZYm7mMqzuh5PociNL0PvmHFvREJ9ueYL2TxlHjBcmLCdmocx9Vg+IQ==",
      "engines": {
        "node": "^12.17.0 || ^14.13 || >=16.0.0"
      },
      "funding": {
        "url": "https://github.com/chalk/chalk?sponsor=1"
      }
    },
    "node_modules/commander": {
      "version": "8.3.0",
      "resolved": "https://registry.npmjs.org/commander/-/commander-8.3.0.tgz",
      "integrity": "sha512-OkTL9umf+He2DZkUq8f8J9of7yL6RJKI24dVITBmNfZBmri9zYZQrKkuXiKhyfPSu8tUhnVBB1iKXevvnlR4Ww==",
      "engines": {
        "node": ">= 12"
      }
    },
    "node_modules/data-uri-to-buffer": {
      "version": "4.0.0",
      "resolved": "https://registry.npmjs.org/data-uri-to-buffer/-/data-uri-to-buffer-4.0.0.tgz",
      "integrity": "sha512-Vr3mLBA8qWmcuschSLAOogKgQ/Jwxulv3RNE4FXnYWRGujzrRWQI4m12fQqRkwX06C0KanhLr4hK+GydchZsaA==",
      "engines": {
        "node": ">= 12"
      }
    },
    "node_modules/fetch-blob": {
      "version": "3.1.5",
      "resolved": "https://registry.npmjs.org/fetch-blob/-/fetch-blob-3.1.5.tgz",
      "integrity": "sha512-N64ZpKqoLejlrwkIAnb9iLSA3Vx/kjgzpcDhygcqJ2KKjky8nCgUQ+dzXtbrLaWZGZNmNfQTsiQ0weZ1svglHg==",
      "funding": [
        {
          "type": "github",
          "url": "https://github.com/sponsors/jimmywarting"
        },
        {
          "type": "paypal",
          "url": "https://paypal.me/jimmywarting"
        }
      ],
      "dependencies": {
        "node-domexception": "^1.0.0",
        "web-streams-polyfill": "^3.0.3"
      },
      "engines": {
        "node": "^12.20 || >= 14.13"
      }
    },
    "node_modules/formdata-polyfill": {
      "version": "4.0.10",
      "resolved": "https://registry.npmjs.org/formdata-polyfill/-/formdata-polyfill-4.0.10.tgz",
      "integrity": "sha512-buewHzMvYL29jdeQTVILecSaZKnt/RJWjoZCF5OW60Z67/GmSLBkOFM7qh1PI3zFNtJbaZL5eQu1vLfazOwj4g==",
      "dependencies": {
        "fetch-blob": "^3.1.2"
      },
      "engines": {
        "node": ">=12.20.0"
      }
    },
    "node_modules/fs-extra": {
      "version": "10.1.0",
      "resolved": "https://registry.npmjs.org/fs-extra/-/fs-extra-10.1.0.tgz",
      "integrity": "sha512-oRXApq54ETRj4eMiFzGnHWGy+zo5raudjuxN0b8H7s/RU2oW0Wvsx9O0ACRN/kRq9E8Vu/ReskGB5o3ji+FzHQ==",
      "dependencies": {
        "graceful-fs": "^4.2.0",
        "jsonfile": "^6.0.1",
        "universalify": "^2.0.0"
      },
      "engines": {
        "node": ">=12"
      }
    },
    "node_modules/graceful-fs": {
      "version": "4.2.10",
      "resolved": "https://registry.npmjs.org/graceful-fs/-/graceful-fs-4.2.10.tgz",
      "integrity": "sha512-9ByhssR2fPVsNZj478qUUbKfmL0+t5BDVyjShtyZZLiK7ZDAArFFfopyOTj0M05wE2tJPisA4iTnnXl2YoPvOA=="
    },
    "node_modules/jsonfile": {
      "version": "6.1.0",
      "resolved": "https://registry.npmjs.org/jsonfile/-/jsonfile-6.1.0.tgz",
      "integrity": "sha512-5dgndWOriYSm5cnYaJNhalLNDKOqFwyDB/rr1E9ZsGciGvKPs8R2xYGCacuf3z6K1YKDz182fd+fY3cn3pMqXQ==",
      "dependencies": {
        "universalify": "^2.0.0"
      },
      "optionalDependencies": {
        "graceful-fs": "^4.1.6"
      }
    },
    "node_modules/mute-stream": {
      "version": "0.0.8",
      "resolved": "https://registry.npmjs.org/mute-stream/-/mute-stream-0.0.8.tgz",
      "integrity": "sha512-nnbWWOkoWyUsTjKrhgD0dcz22mdkSnpYqbEjIm2nhwhuxlSkpywJmBo8h0ZqJdkp73mb90SssHkN4rsRaBAfAA=="
    },
    "node_modules/node-domexception": {
      "version": "1.0.0",
      "resolved": "https://registry.npmjs.org/node-domexception/-/node-domexception-1.0.0.tgz",
      "integrity": "sha512-/jKZoMpw0F8GRwl4/eLROPA3cfcXtLApP0QzLmUT/HuPCZWyB7IY9ZrMeKw2O/nFIqPQB3PVM9aYm0F312AXDQ==",
      "funding": [
        {
          "type": "github",
          "url": "https://github.com/sponsors/jimmywarting"
        },
        {
          "type": "github",
          "url": "https://paypal.me/jimmywarting"
        }
      ],
      "engines": {
        "node": ">=10.5.0"
      }
    },
    "node_modules/node-fetch": {
      "version": "3.2.4",
      "resolved": "https://registry.npmjs.org/node-fetch/-/node-fetch-3.2.4.tgz",
      "integrity": "sha512-WvYJRN7mMyOLurFR2YpysQGuwYrJN+qrrpHjJDuKMcSPdfFccRUla/kng2mz6HWSBxJcqPbvatS6Gb4RhOzCJw==",
      "dependencies": {
        "data-uri-to-buffer": "^4.0.0",
        "fetch-blob": "^3.1.4",
        "formdata-polyfill": "^4.0.10"
      },
      "engines": {
        "node": "^12.20.0 || ^14.13.1 || >=16.0.0"
      },
      "funding": {
        "type": "opencollective",
        "url": "https://opencollective.com/node-fetch"
      }
    },
    "node_modules/promptly": {
      "version": "3.2.0",
      "resolved": "https://registry.npmjs.org/promptly/-/promptly-3.2.0.tgz",
      "integrity": "sha512-WnR9obtgW+rG4oUV3hSnNGl1pHm3V1H/qD9iJBumGSmVsSC5HpZOLuu8qdMb6yCItGfT7dcRszejr/5P3i9Pug==",
      "dependencies": {
        "read": "^1.0.4"
      }
    },
    "node_modules/read": {
      "version": "1.0.7",
      "resolved": "https://registry.npmjs.org/read/-/read-1.0.7.tgz",
      "integrity": "sha1-s9oZvQUkMal2cdRKQmNK33ELQMQ=",
      "dependencies": {
        "mute-stream": "~0.0.4"
      },
      "engines": {
        "node": ">=0.8"
      }
    },
    "node_modules/technicalindicators": {
      "version": "3.1.0",
      "resolved": "https://registry.npmjs.org/technicalindicators/-/technicalindicators-3.1.0.tgz",
      "integrity": "sha512-f16mOc+Y05hNy/of+UbGxhxQQmxUztCiluhsqC5QLUYz4WowUgKde9m6nIjK1Kay0wGHigT0IkOabpp0+22UfA==",
      "dependencies": {
        "@types/node": "^6.0.96"
      }
    },
    "node_modules/universalify": {
      "version": "2.0.0",
      "resolved": "https://registry.npmjs.org/universalify/-/universalify-2.0.0.tgz",
      "integrity": "sha512-hAZsKq7Yy11Zu1DE0OzWjw7nnLZmJZYTDZZyEFHZdUhV8FkH5MCfoU1XMaxXovpyW5nq5scPqq0ZDP9Zyl04oQ==",
      "engines": {
        "node": ">= 10.0.0"
      }
    },
    "node_modules/web-streams-polyfill": {
      "version": "3.2.0",
      "resolved": "https://registry.npmjs.org/web-streams-polyfill/-/web-streams-polyfill-3.2.0.tgz",
      "integrity": "sha512-EqPmREeOzttaLRm5HS7io98goBgZ7IVz79aDvqjD0kYXLtFZTc0T/U6wHTPKyIjb+MdN7DFIIX6hgdBEpWmfPA==",
      "engines": {
        "node": ">= 8"
      }
    }
  },
  "dependencies": {
    "@types/node": {
      "version": "6.14.13",
      "resolved": "https://registry.npmjs.org/@types/node/-/node-6.14.13.tgz",
      "integrity": "sha512-J1F0XJ/9zxlZel5ZlbeSuHW2OpabrUAqpFuC2sm2I3by8sERQ8+KCjNKUcq8QHuzpGMWiJpo9ZxeHrqrP2KzQw=="
    },
    "chalk": {
      "version": "5.0.0",
      "resolved": "https://registry.npmjs.org/chalk/-/chalk-5.0.0.tgz",
      "integrity": "sha512-/duVOqst+luxCQRKEo4bNxinsOQtMP80ZYm7mMqzuh5PociNL0PvmHFvREJ9ueYL2TxlHjBcmLCdmocx9Vg+IQ=="
    },
    "commander": {
      "version": "8.3.0",
      "resolved": "https://registry.npmjs.org/commander/-/commander-8.3.0.tgz",
      "integrity": "sha512-OkTL9umf+He2DZkUq8f8J9of7yL6RJKI24dVITBmNfZBmri9zYZQrKkuXiKhyfPSu8tUhnVBB1iKXevvnlR4Ww=="
    },
    "data-uri-to-buffer": {
      "version": "4.0.0",
      "resolved": "https://registry.npmjs.org/data-uri-to-buffer/-/data-uri-to-buffer-4.0.0.tgz",
      "integrity": "sha512-Vr3mLBA8qWmcuschSLAOogKgQ/Jwxulv3RNE4FXnYWRGujzrRWQI4m12fQqRkwX06C0KanhLr4hK+GydchZsaA=="
    },
    "fetch-blob": {
      "version": "3.1.5",
      "resolved": "https://registry.npmjs.org/fetch-blob/-/fetch-blob-3.1.5.tgz",
      "integrity": "sha512-N64ZpKqoLejlrwkIAnb9iLSA3Vx/kjgzpcDhygcqJ2KKjky8nCgUQ+dzXtbrLaWZGZNmNfQTsiQ0weZ1svglHg==",
      "requires": {
        "node-domexception": "^1.0.0",
        "web-streams-polyfill": "^3.0.3"
      }
    },
    "formdata-polyfill": {
      "version": "4.0.10",
      "resolved": "https://registry.npmjs.org/formdata-polyfill/-/formdata-polyfill-4.0.10.tgz",
      "integrity": "sha512-buewHzMvYL29jdeQTVILecSaZKnt/RJWjoZCF5OW60Z67/GmSLBkOFM7qh1PI3zFNtJbaZL5eQu1vLfazOwj4g==",
      "requires": {
        "fetch-blob": "^3.1.2"
      }
    },
    "fs-extra": {
      "version": "10.1.0",
      "resolved": "https://registry.npmjs.org/fs-extra/-/fs-extra-10.1.0.tgz",
      "integrity": "sha512-oRXApq54ETRj4eMiFzGnHWGy+zo5raudjuxN0b8H7s/RU2oW0Wvsx9O0ACRN/kRq9E8Vu/ReskGB5o3ji+FzHQ==",
      "requires": {
        "graceful-fs": "^4.2.0",
        "jsonfile": "^6.0.1",
        "universalify": "^2.0.0"
      }
    },
    "graceful-fs": {
      "version": "4.2.10",
      "resolved": "https://registry.npmjs.org/graceful-fs/-/graceful-fs-4.2.10.tgz",
      "integrity": "sha512-9ByhssR2fPVsNZj478qUUbKfmL0+t5BDVyjShtyZZLiK7ZDAArFFfopyOTj0M05wE2tJPisA4iTnnXl2YoPvOA=="
    },
    "jsonfile": {
      "version": "6.1.0",
      "resolved": "https://registry.npmjs.org/jsonfile/-/jsonfile-6.1.0.tgz",
      "integrity": "sha512-5dgndWOriYSm5cnYaJNhalLNDKOqFwyDB/rr1E9ZsGciGvKPs8R2xYGCacuf3z6K1YKDz182fd+fY3cn3pMqXQ==",
      "requires": {
        "graceful-fs": "^4.1.6",
        "universalify": "^2.0.0"
      }
    },
    "mute-stream": {
      "version": "0.0.8",
      "resolved": "https://registry.npmjs.org/mute-stream/-/mute-stream-0.0.8.tgz",
      "integrity": "sha512-nnbWWOkoWyUsTjKrhgD0dcz22mdkSnpYqbEjIm2nhwhuxlSkpywJmBo8h0ZqJdkp73mb90SssHkN4rsRaBAfAA=="
    },
    "node-domexception": {
      "version": "1.0.0",
      "resolved": "https://registry.npmjs.org/node-domexception/-/node-domexception-1.0.0.tgz",
      "integrity": "sha512-/jKZoMpw0F8GRwl4/eLROPA3cfcXtLApP0QzLmUT/HuPCZWyB7IY9ZrMeKw2O/nFIqPQB3PVM9aYm0F312AXDQ=="
    },
    "node-fetch": {
      "version": "3.2.4",
      "resolved": "https://registry.npmjs.org/node-fetch/-/node-fetch-3.2.4.tgz",
      "integrity": "sha512-WvYJRN7mMyOLurFR2YpysQGuwYrJN+qrrpHjJDuKMcSPdfFccRUla/kng2mz6HWSBxJcqPbvatS6Gb4RhOzCJw==",
      "requires": {
        "data-uri-to-buffer": "^4.0.0",
        "fetch-blob": "^3.1.4",
        "formdata-polyfill": "^4.0.10"
      }
    },
    "promptly": {
      "version": "3.2.0",
      "resolved": "https://registry.npmjs.org/promptly/-/promptly-3.2.0.tgz",
      "integrity": "sha512-WnR9obtgW+rG4oUV3hSnNGl1pHm3V1H/qD9iJBumGSmVsSC5HpZOLuu8qdMb6yCItGfT7dcRszejr/5P3i9Pug==",
      "requires": {
        "read": "^1.0.4"
      }
    },
    "read": {
      "version": "1.0.7",
      "resolved": "https://registry.npmjs.org/read/-/read-1.0.7.tgz",
      "integrity": "sha1-s9oZvQUkMal2cdRKQmNK33ELQMQ=",
      "requires": {
        "mute-stream": "~0.0.4"
      }
    },
    "technicalindicators": {
      "version": "3.1.0",
      "resolved": "https://registry.npmjs.org/technicalindicators/-/technicalindicators-3.1.0.tgz",
      "integrity": "sha512-f16mOc+Y05hNy/of+UbGxhxQQmxUztCiluhsqC5QLUYz4WowUgKde9m6nIjK1Kay0wGHigT0IkOabpp0+22UfA==",
      "requires": {
        "@types/node": "^6.0.96"
      }
    },
    "universalify": {
      "version": "2.0.0",
      "resolved": "https://registry.npmjs.org/universalify/-/universalify-2.0.0.tgz",
      "integrity": "sha512-hAZsKq7Yy11Zu1DE0OzWjw7nnLZmJZYTDZZyEFHZdUhV8FkH5MCfoU1XMaxXovpyW5nq5scPqq0ZDP9Zyl04oQ=="
    },
    "web-streams-polyfill": {
      "version": "3.2.0",
      "resolved": "https://registry.npmjs.org/web-streams-polyfill/-/web-streams-polyfill-3.2.0.tgz",
      "integrity": "sha512-EqPmREeOzttaLRm5HS7io98goBgZ7IVz79aDvqjD0kYXLtFZTc0T/U6wHTPKyIjb+MdN7DFIIX6hgdBEpWmfPA=="
    }
  }
}
